
Microsoft Visual Studio Solution File, Format Version 12.00
# Visual Studio Version 16
VisualStudioVersion = 16.0.30225.117
MinimumVisualStudioVersion = 10.0.40219.1
Project("{9A19103F-16F7-4668-BE54-9A1E7A4F7556}") = "Dxc.Pace.Orchestrator.Client", "src\Dxc.Pace.Orchestrator.Client\Dxc.Pace.Orchestrator.Client.csproj", "{274AFFD4-2246-4AA4-BD5A-1D8E5641CEE7}"
EndProject
Project("{2150E333-8FDC-42A3-9474-1A3956D46DE8}") = "Infrastructure", "Infrastructure", "{1B2D519D-D4F8-4EB2-A411-BC153D5EAE63}"
EndProject
Project("{9A19103F-16F7-4668-BE54-9A1E7A4F7556}") = "Dxc.Pace.Infrastructure.Core", "..\Infrastructure\Dxc.Pace.Infrastructure.Core\Dxc.Pace.Infrastructure.Core.csproj", "{87B3F636-3D15-42C9-8691-0D1D185260D4}"
EndProject
Global
	GlobalSection(SolutionConfigurationPlatforms) = preSolution
		Debug|Any CPU = Debug|Any CPU
		Release|Any CPU = Release|Any CPU
	EndGlobalSection
	GlobalSection(ProjectConfigurationPlatforms) = postSolution
		{274AFFD4-2246-4AA4-BD5A-1D8E5641CEE7}.Debug|Any CPU.ActiveCfg = Debug|Any CPU
		{274AFFD4-2246-4AA4-BD5A-1D8E5641CEE7}.Debug|Any CPU.Build.0 = Debug|Any CPU
		{274AFFD4-2246-4AA4-BD5A-1D8E5641CEE7}.Release|Any CPU.ActiveCfg = Release|Any CPU
		{274AFFD4-2246-4AA4-BD5A-1D8E5641CEE7}.Release|Any CPU.Build.0 = Release|Any CPU
		{87B3F636-3D15-42C9-8691-0D1D185260D4}.Debug|Any CPU.ActiveCfg = Debug|Any CPU
		{87B3F636-3D15-42C9-8691-0D1D185260D4}.Debug|Any CPU.Build.0 = Debug|Any CPU
		{87B3F636-3D15-42C9-8691-0D1D185260D4}.Release|Any CPU.ActiveCfg = Release|Any CPU
		{87B3F636-3D15-42C9-8691-0D1D185260D4}.Release|Any CPU.Build.0 = Release|Any CPU
	EndGlobalSection
	GlobalSection(SolutionProperties) = preSolution
		HideSolutionNode = FALSE
	EndGlobalSection
	GlobalSection(NestedProjects) = preSolution
		{87B3F636-3D15-42C9-8691-0D1D185260D4} = {1B2D519D-D4F8-4EB2-A411-BC153D5EAE63}
	EndGlobalSection
	GlobalSection(ExtensibilityGlobals) = postSolution
		SolutionGuid = {3C37E658-9C70-4120-92AF-7A8E38B460F8}
	EndGlobalSection
EndGlobal
